
Microsoft Visual Studio Solution File, Format Version 12.00
# Visual Studio Version 17
VisualStudioVersion = 17.6.33723.286
MinimumVisualStudioVersion = 10.0.40219.1
Project("{FAE04EC0-301F-11D3-BF4B-00C04F79EFBC}") = "20230612_hw", "20230612_hw.csproj", "{8B2CD97A-6309-4B05-A023-C14D02C2EFAF}"
EndProject
Global
	GlobalSection(SolutionConfigurationPlatforms) = preSolution
		Debug|Any CPU = Debug|Any CPU
		Release|Any CPU = Release|Any CPU
	EndGlobalSection
	GlobalSection(ProjectConfigurationPlatforms) = postSolution
		{8B2CD97A-6309-4B05-A023-C14D02C2EFAF}.Debug|Any CPU.ActiveCfg = Debug|Any CPU
		{8B2CD97A-6309-4B05-A023-C14D02C2EFAF}.Debug|Any CPU.Build.0 = Debug|Any CPU
		{8B2CD97A-6309-4B05-A023-C14D02C2EFAF}.Release|Any CPU.ActiveCfg = Release|Any CPU
		{8B2CD97A-6309-4B05-A023-C14D02C2EFAF}.Release|Any CPU.Build.0 = Release|Any CPU
	EndGlobalSection
	GlobalSection(SolutionProperties) = preSolution
		HideSolutionNode = FALSE
	EndGlobalSection
	GlobalSection(ExtensibilityGlobals) = postSolution
		SolutionGuid = {A02FF65B-DD28-4CFD-9C2C-3C9BC2614F39}
	EndGlobalSection
EndGlobal
