
Microsoft Visual Studio Solution File, Format Version 12.00
# Visual Studio Version 17
VisualStudioVersion = 17.6.33723.286
MinimumVisualStudioVersion = 10.0.40219.1
Project("{FAE04EC0-301F-11D3-BF4B-00C04F79EFBC}") = "ConsoleProject", "ConsoleProject.csproj", "{1082995D-B171-461E-B15E-9FB5B19485C3}"
EndProject
Global
	GlobalSection(SolutionConfigurationPlatforms) = preSolution
		Debug|Any CPU = Debug|Any CPU
		Release|Any CPU = Release|Any CPU
	EndGlobalSection
	GlobalSection(ProjectConfigurationPlatforms) = postSolution
		{1082995D-B171-461E-B15E-9FB5B19485C3}.Debug|Any CPU.ActiveCfg = Debug|Any CPU
		{1082995D-B171-461E-B15E-9FB5B19485C3}.Debug|Any CPU.Build.0 = Debug|Any CPU
		{1082995D-B171-461E-B15E-9FB5B19485C3}.Release|Any CPU.ActiveCfg = Release|Any CPU
		{1082995D-B171-461E-B15E-9FB5B19485C3}.Release|Any CPU.Build.0 = Release|Any CPU
	EndGlobalSection
	GlobalSection(SolutionProperties) = preSolution
		HideSolutionNode = FALSE
	EndGlobalSection
	GlobalSection(ExtensibilityGlobals) = postSolution
		SolutionGuid = {7F1DA625-E11A-4918-ACE5-8BC9ADC88ECE}
	EndGlobalSection
EndGlobal
